
Microsoft Visual Studio Solution File, Format Version 12.00
# Visual Studio Version 16
VisualStudioVersion = 16.0.31410.357
MinimumVisualStudioVersion = 10.0.40219.1
Project("{8BC9CEB8-8B4A-11D0-8D11-00A0C91BC942}") = "HtmlToHipe", "HtmlToHipe\HtmlToHipe.vcxproj", "{B9CECD0D-2917-477E-A8C9-794DE7F89A6C}"
EndProject
Project("{8BC9CEB8-8B4A-11D0-8D11-00A0C91BC942}") = "CssToHipe", "CssToHipe\CssToHipe.vcxproj", "{E3F5B7A3-B3C3-4F33-9864-3DA5DD685673}"
EndProject
Project("{8BC9CEB8-8B4A-11D0-8D11-00A0C91BC942}") = "Sandbox", "Sandbox\Sandbox.vcxproj", "{7BB721EC-324B-48E1-AC73-033166A35C29}"
	ProjectSection(ProjectDependencies) = postProject
		{B9CECD0D-2917-477E-A8C9-794DE7F89A6C} = {B9CECD0D-2917-477E-A8C9-794DE7F89A6C}
		{E3F5B7A3-B3C3-4F33-9864-3DA5DD685673} = {E3F5B7A3-B3C3-4F33-9864-3DA5DD685673}
	EndProjectSection
EndProject
Global
	GlobalSection(SolutionConfigurationPlatforms) = preSolution
		Debug|x64 = Debug|x64
		Debug|x86 = Debug|x86
		Release|x64 = Release|x64
		Release|x86 = Release|x86
	EndGlobalSection
	GlobalSection(ProjectConfigurationPlatforms) = postSolution
		{B9CECD0D-2917-477E-A8C9-794DE7F89A6C}.Debug|x64.ActiveCfg = Debug|x64
		{B9CECD0D-2917-477E-A8C9-794DE7F89A6C}.Debug|x64.Build.0 = Debug|x64
		{B9CECD0D-2917-477E-A8C9-794DE7F89A6C}.Debug|x86.ActiveCfg = Debug|Win32
		{B9CECD0D-2917-477E-A8C9-794DE7F89A6C}.Debug|x86.Build.0 = Debug|Win32
		{B9CECD0D-2917-477E-A8C9-794DE7F89A6C}.Release|x64.ActiveCfg = Release|x64
		{B9CECD0D-2917-477E-A8C9-794DE7F89A6C}.Release|x64.Build.0 = Release|x64
		{B9CECD0D-2917-477E-A8C9-794DE7F89A6C}.Release|x86.ActiveCfg = Release|Win32
		{B9CECD0D-2917-477E-A8C9-794DE7F89A6C}.Release|x86.Build.0 = Release|Win32
		{E3F5B7A3-B3C3-4F33-9864-3DA5DD685673}.Debug|x64.ActiveCfg = Debug|x64
		{E3F5B7A3-B3C3-4F33-9864-3DA5DD685673}.Debug|x64.Build.0 = Debug|x64
		{E3F5B7A3-B3C3-4F33-9864-3DA5DD685673}.Debug|x86.ActiveCfg = Debug|Win32
		{E3F5B7A3-B3C3-4F33-9864-3DA5DD685673}.Debug|x86.Build.0 = Debug|Win32
		{E3F5B7A3-B3C3-4F33-9864-3DA5DD685673}.Release|x64.ActiveCfg = Release|x64
		{E3F5B7A3-B3C3-4F33-9864-3DA5DD685673}.Release|x64.Build.0 = Release|x64
		{E3F5B7A3-B3C3-4F33-9864-3DA5DD685673}.Release|x86.ActiveCfg = Release|Win32
		{E3F5B7A3-B3C3-4F33-9864-3DA5DD685673}.Release|x86.Build.0 = Release|Win32
		{7BB721EC-324B-48E1-AC73-033166A35C29}.Debug|x64.ActiveCfg = Debug|x64
		{7BB721EC-324B-48E1-AC73-033166A35C29}.Debug|x64.Build.0 = Debug|x64
		{7BB721EC-324B-48E1-AC73-033166A35C29}.Debug|x86.ActiveCfg = Debug|Win32
		{7BB721EC-324B-48E1-AC73-033166A35C29}.Debug|x86.Build.0 = Debug|Win32
		{7BB721EC-324B-48E1-AC73-033166A35C29}.Release|x64.ActiveCfg = Release|x64
		{7BB721EC-324B-48E1-AC73-033166A35C29}.Release|x64.Build.0 = Release|x64
		{7BB721EC-324B-48E1-AC73-033166A35C29}.Release|x86.ActiveCfg = Release|Win32
		{7BB721EC-324B-48E1-AC73-033166A35C29}.Release|x86.Build.0 = Release|Win32
	EndGlobalSection
	GlobalSection(SolutionProperties) = preSolution
		HideSolutionNode = FALSE
	EndGlobalSection
	GlobalSection(ExtensibilityGlobals) = postSolution
		SolutionGuid = {AABF4449-4A3B-47CC-B680-4949F8ED87CB}
	EndGlobalSection
EndGlobal
